
Microsoft Visual Studio Solution File, Format Version 12.00
# Visual Studio Version 16
VisualStudioVersion = 16.0.30413.136
MinimumVisualStudioVersion = 10.0.40219.1
Project("{FAE04EC0-301F-11D3-BF4B-00C04F79EFBC}") = "chess-console", "chess-console\chess-console.csproj", "{B4D5CD40-EFA1-4961-AE9C-192D5C533275}"
EndProject
Global
	GlobalSection(SolutionConfigurationPlatforms) = preSolution
		Debug|Any CPU = Debug|Any CPU
		Release|Any CPU = Release|Any CPU
	EndGlobalSection
	GlobalSection(ProjectConfigurationPlatforms) = postSolution
		{B4D5CD40-EFA1-4961-AE9C-192D5C533275}.Debug|Any CPU.ActiveCfg = Debug|Any CPU
		{B4D5CD40-EFA1-4961-AE9C-192D5C533275}.Debug|Any CPU.Build.0 = Debug|Any CPU
		{B4D5CD40-EFA1-4961-AE9C-192D5C533275}.Release|Any CPU.ActiveCfg = Release|Any CPU
		{B4D5CD40-EFA1-4961-AE9C-192D5C533275}.Release|Any CPU.Build.0 = Release|Any CPU
	EndGlobalSection
	GlobalSection(SolutionProperties) = preSolution
		HideSolutionNode = FALSE
	EndGlobalSection
	GlobalSection(ExtensibilityGlobals) = postSolution
		SolutionGuid = {D327CBB9-C535-4E46-BC9F-9F02C712D4B5}
	EndGlobalSection
EndGlobal
